
Microsoft Visual Studio Solution File, Format Version 12.00
# Visual Studio Version 17
VisualStudioVersion = 17.5.33530.505
MinimumVisualStudioVersion = 10.0.40219.1
Project("{FAE04EC0-301F-11D3-BF4B-00C04F79EFBC}") = "Birleştirme0205", "Birleştirme0205\Birleştirme0205.csproj", "{0C6961A6-C35C-4CB7-91C3-1D5AF6562C53}"
EndProject
Global
	GlobalSection(SolutionConfigurationPlatforms) = preSolution
		Debug|Any CPU = Debug|Any CPU
		Release|Any CPU = Release|Any CPU
	EndGlobalSection
	GlobalSection(ProjectConfigurationPlatforms) = postSolution
		{0C6961A6-C35C-4CB7-91C3-1D5AF6562C53}.Debug|Any CPU.ActiveCfg = Debug|Any CPU
		{0C6961A6-C35C-4CB7-91C3-1D5AF6562C53}.Debug|Any CPU.Build.0 = Debug|Any CPU
		{0C6961A6-C35C-4CB7-91C3-1D5AF6562C53}.Release|Any CPU.ActiveCfg = Release|Any CPU
		{0C6961A6-C35C-4CB7-91C3-1D5AF6562C53}.Release|Any CPU.Build.0 = Release|Any CPU
	EndGlobalSection
	GlobalSection(SolutionProperties) = preSolution
		HideSolutionNode = FALSE
	EndGlobalSection
	GlobalSection(ExtensibilityGlobals) = postSolution
		SolutionGuid = {6ABEBC9B-F006-4814-99F6-793EC2A0B033}
	EndGlobalSection
EndGlobal
